
Microsoft Visual Studio Solution File, Format Version 12.00
# Visual Studio Version 17
VisualStudioVersion = 17.2.32616.157
MinimumVisualStudioVersion = 10.0.40219.1
Project("{FAE04EC0-301F-11D3-BF4B-00C04F79EFBC}") = "simplebankingsystem", "simplebankingsystem\simplebankingsystem.csproj", "{C54DD8FA-C821-46D3-AD77-EA8E7DA37EEB}"
EndProject
Global
	GlobalSection(SolutionConfigurationPlatforms) = preSolution
		Debug|Any CPU = Debug|Any CPU
		Release|Any CPU = Release|Any CPU
	EndGlobalSection
	GlobalSection(ProjectConfigurationPlatforms) = postSolution
		{C54DD8FA-C821-46D3-AD77-EA8E7DA37EEB}.Debug|Any CPU.ActiveCfg = Debug|Any CPU
		{C54DD8FA-C821-46D3-AD77-EA8E7DA37EEB}.Debug|Any CPU.Build.0 = Debug|Any CPU
		{C54DD8FA-C821-46D3-AD77-EA8E7DA37EEB}.Release|Any CPU.ActiveCfg = Release|Any CPU
		{C54DD8FA-C821-46D3-AD77-EA8E7DA37EEB}.Release|Any CPU.Build.0 = Release|Any CPU
	EndGlobalSection
	GlobalSection(SolutionProperties) = preSolution
		HideSolutionNode = FALSE
	EndGlobalSection
	GlobalSection(ExtensibilityGlobals) = postSolution
		SolutionGuid = {3BB8C0E4-6579-406E-ABA8-B7204F4293B4}
	EndGlobalSection
EndGlobal
